
Microsoft Visual Studio Solution File, Format Version 12.00
# Visual Studio Version 16
VisualStudioVersion = 16.0.32228.343
MinimumVisualStudioVersion = 10.0.40219.1
Project("{8BC9CEB8-8B4A-11D0-8D11-00A0C91BC942}") = "SAE2.2", "SAE2.2.vcxproj", "{42CDE209-31DD-41AB-8307-483004CBDB55}"
EndProject
Global
	GlobalSection(SolutionConfigurationPlatforms) = preSolution
		Debug|x64 = Debug|x64
		Release|x64 = Release|x64
	EndGlobalSection
	GlobalSection(ProjectConfigurationPlatforms) = postSolution
		{42CDE209-31DD-41AB-8307-483004CBDB55}.Debug|x64.ActiveCfg = Debug|x64
		{42CDE209-31DD-41AB-8307-483004CBDB55}.Debug|x64.Build.0 = Debug|x64
		{42CDE209-31DD-41AB-8307-483004CBDB55}.Release|x64.ActiveCfg = Release|x64
		{42CDE209-31DD-41AB-8307-483004CBDB55}.Release|x64.Build.0 = Release|x64
	EndGlobalSection
	GlobalSection(SolutionProperties) = preSolution
		HideSolutionNode = FALSE
	EndGlobalSection
	GlobalSection(ExtensibilityGlobals) = postSolution
		SolutionGuid = {B4EEF6CA-6654-45A9-9B32-1261C9B504E7}
	EndGlobalSection
EndGlobal
