
Microsoft Visual Studio Solution File, Format Version 12.00
# Visual Studio Version 17
VisualStudioVersion = 17.3.32929.385
MinimumVisualStudioVersion = 10.0.40219.1
Project("{8BC9CEB8-8B4A-11D0-8D11-00A0C91BC942}") = "SAE", "SAE\SAE.vcxproj", "{DA9470B2-9BBE-4284-B9D6-840FE44DDA78}"
EndProject
Global
	GlobalSection(SolutionConfigurationPlatforms) = preSolution
		Debug|x64 = Debug|x64
		Release|x64 = Release|x64
	EndGlobalSection
	GlobalSection(ProjectConfigurationPlatforms) = postSolution
		{DA9470B2-9BBE-4284-B9D6-840FE44DDA78}.Debug|x64.ActiveCfg = Debug|x64
		{DA9470B2-9BBE-4284-B9D6-840FE44DDA78}.Debug|x64.Build.0 = Debug|x64
		{DA9470B2-9BBE-4284-B9D6-840FE44DDA78}.Release|x64.ActiveCfg = Release|x64
		{DA9470B2-9BBE-4284-B9D6-840FE44DDA78}.Release|x64.Build.0 = Release|x64
	EndGlobalSection
	GlobalSection(SolutionProperties) = preSolution
		HideSolutionNode = FALSE
	EndGlobalSection
	GlobalSection(ExtensibilityGlobals) = postSolution
		SolutionGuid = {C53A02F0-E586-4EB2-BF7A-6D6FA9DE2784}
	EndGlobalSection
EndGlobal
